// !$*UTF8*$!
{
	archiveVersion = 1;
	classes = {
	};
	objectVersion = 56;
	objects = {

/* Begin PBXBuildFile section */
		7D4FC8C12C3A2DD300A01E6B /* CryptoAppApp.swift in Sources */ = {isa = PBXBuildFile; fileRef = 7D4FC8C02C3A2DD300A01E6B /* CryptoAppApp.swift */; };
		7D4FC8C32C3A2DD300A01E6B /* ContentView.swift in Sources */ = {isa = PBXBuildFile; fileRef = 7D4FC8C22C3A2DD300A01E6B /* ContentView.swift */; };
		7D4FC8C52C3A2DD400A01E6B /* Assets.xcassets in Resources */ = {isa = PBXBuildFile; fileRef = 7D4FC8C42C3A2DD400A01E6B /* Assets.xcassets */; };
		7D4FC8C82C3A2DD400A01E6B /* Preview Assets.xcassets in Resources */ = {isa = PBXBuildFile; fileRef = 7D4FC8C72C3A2DD400A01E6B /* Preview Assets.xcassets */; };
		7D4FC8D82C3A2F6500A01E6B /* HomeView.swift in Sources */ = {isa = PBXBuildFile; fileRef = 7D4FC8D72C3A2F6500A01E6B /* HomeView.swift */; };
		7D4FC8DA2C3A30C400A01E6B /* TopMoversView.swift in Sources */ = {isa = PBXBuildFile; fileRef = 7D4FC8D92C3A30C400A01E6B /* TopMoversView.swift */; };
		7D4FC8DE2C3A358000A01E6B /* TopMoversItemView.swift in Sources */ = {isa = PBXBuildFile; fileRef = 7D4FC8DD2C3A358000A01E6B /* TopMoversItemView.swift */; };
		7D4FC8E12C3A375400A01E6B /* AllCoinsView.swift in Sources */ = {isa = PBXBuildFile; fileRef = 7D4FC8E02C3A375400A01E6B /* AllCoinsView.swift */; };
		7D4FC8E32C3A376500A01E6B /* CoinRowView.swift in Sources */ = {isa = PBXBuildFile; fileRef = 7D4FC8E22C3A376500A01E6B /* CoinRowView.swift */; };
		7D4FC8E52C3A3EBB00A01E6B /* HomeViewModel.swift in Sources */ = {isa = PBXBuildFile; fileRef = 7D4FC8E42C3A3EBB00A01E6B /* HomeViewModel.swift */; };
		7D4FC8E72C3A489F00A01E6B /* Coin.swift in Sources */ = {isa = PBXBuildFile; fileRef = 7D4FC8E62C3A489F00A01E6B /* Coin.swift */; };
		7D4FC8EA2C3A575B00A01E6B /* Kingfisher in Frameworks */ = {isa = PBXBuildFile; productRef = 7D4FC8E92C3A575B00A01E6B /* Kingfisher */; };
		7D4FC8EC2C3A589800A01E6B /* Double.swift in Sources */ = {isa = PBXBuildFile; fileRef = 7D4FC8EB2C3A589800A01E6B /* Double.swift */; };
/* End PBXBuildFile section */

/* Begin PBXFileReference section */
		7D4FC8BD2C3A2DD300A01E6B /* CryptoApp.app */ = {isa = PBXFileReference; explicitFileType = wrapper.application; includeInIndex = 0; path = CryptoApp.app; sourceTree = BUILT_PRODUCTS_DIR; };
		7D4FC8C02C3A2DD300A01E6B /* CryptoAppApp.swift */ = {isa = PBXFileReference; lastKnownFileType = sourcecode.swift; path = CryptoAppApp.swift; sourceTree = "<group>"; };
		7D4FC8C22C3A2DD300A01E6B /* ContentView.swift */ = {isa = PBXFileReference; lastKnownFileType = sourcecode.swift; path = ContentView.swift; sourceTree = "<group>"; };
		7D4FC8C42C3A2DD400A01E6B /* Assets.xcassets */ = {isa = PBXFileReference; lastKnownFileType = folder.assetcatalog; path = Assets.xcassets; sourceTree = "<group>"; };
		7D4FC8C72C3A2DD400A01E6B /* Preview Assets.xcassets */ = {isa = PBXFileReference; lastKnownFileType = folder.assetcatalog; path = "Preview Assets.xcassets"; sourceTree = "<group>"; };
		7D4FC8D72C3A2F6500A01E6B /* HomeView.swift */ = {isa = PBXFileReference; lastKnownFileType = sourcecode.swift; path = HomeView.swift; sourceTree = "<group>"; };
		7D4FC8D92C3A30C400A01E6B /* TopMoversView.swift */ = {isa = PBXFileReference; lastKnownFileType = sourcecode.swift; path = TopMoversView.swift; sourceTree = "<group>"; };
		7D4FC8DD2C3A358000A01E6B /* TopMoversItemView.swift */ = {isa = PBXFileReference; lastKnownFileType = sourcecode.swift; path = TopMoversItemView.swift; sourceTree = "<group>"; };
		7D4FC8E02C3A375400A01E6B /* AllCoinsView.swift */ = {isa = PBXFileReference; lastKnownFileType = sourcecode.swift; path = AllCoinsView.swift; sourceTree = "<group>"; };
		7D4FC8E22C3A376500A01E6B /* CoinRowView.swift */ = {isa = PBXFileReference; lastKnownFileType = sourcecode.swift; path = CoinRowView.swift; sourceTree = "<group>"; };
		7D4FC8E42C3A3EBB00A01E6B /* HomeViewModel.swift */ = {isa = PBXFileReference; lastKnownFileType = sourcecode.swift; path = HomeViewModel.swift; sourceTree = "<group>"; };
		7D4FC8E62C3A489F00A01E6B /* Coin.swift */ = {isa = PBXFileReference; lastKnownFileType = sourcecode.swift; path = Coin.swift; sourceTree = "<group>"; };
		7D4FC8EB2C3A589800A01E6B /* Double.swift */ = {isa = PBXFileReference; lastKnownFileType = sourcecode.swift; path = Double.swift; sourceTree = "<group>"; };
/* End PBXFileReference section */

/* Begin PBXFrameworksBuildPhase section */
		7D4FC8BA2C3A2DD300A01E6B /* Frameworks */ = {
			isa = PBXFrameworksBuildPhase;
			buildActionMask = 2147483647;
			files = (
				7D4FC8EA2C3A575B00A01E6B /* Kingfisher in Frameworks */,
			);
			runOnlyForDeploymentPostprocessing = 0;
		};
/* End PBXFrameworksBuildPhase section */

/* Begin PBXGroup section */
		7D4FC8B42C3A2DD300A01E6B = {
			isa = PBXGroup;
			children = (
				7D4FC8BF2C3A2DD300A01E6B /* CryptoApp */,
				7D4FC8BE2C3A2DD300A01E6B /* Products */,
			);
			sourceTree = "<group>";
		};
		7D4FC8BE2C3A2DD300A01E6B /* Products */ = {
			isa = PBXGroup;
			children = (
				7D4FC8BD2C3A2DD300A01E6B /* CryptoApp.app */,
			);
			name = Products;
			sourceTree = "<group>";
		};
		7D4FC8BF2C3A2DD300A01E6B /* CryptoApp */ = {
			isa = PBXGroup;
			children = (
				7D4FC8D32C3A2EB900A01E6B /* App */,
				7D4FC8D22C3A2E4F00A01E6B /* Utils */,
				7D4FC8D12C3A2E4A00A01E6B /* Extensions */,
				7D4FC8D02C3A2E4700A01E6B /* Models */,
				7D4FC8CF2C3A2E3C00A01E6B /* Core */,
				7D4FC8C22C3A2DD300A01E6B /* ContentView.swift */,
				7D4FC8C42C3A2DD400A01E6B /* Assets.xcassets */,
				7D4FC8C62C3A2DD400A01E6B /* Preview Content */,
			);
			path = CryptoApp;
			sourceTree = "<group>";
		};
		7D4FC8C62C3A2DD400A01E6B /* Preview Content */ = {
			isa = PBXGroup;
			children = (
				7D4FC8C72C3A2DD400A01E6B /* Preview Assets.xcassets */,
			);
			path = "Preview Content";
			sourceTree = "<group>";
		};
		7D4FC8CF2C3A2E3C00A01E6B /* Core */ = {
			isa = PBXGroup;
			children = (
				7D4FC8D42C3A2EE300A01E6B /* Home */,
			);
			path = Core;
			sourceTree = "<group>";
		};
		7D4FC8D02C3A2E4700A01E6B /* Models */ = {
			isa = PBXGroup;
			children = (
				7D4FC8E62C3A489F00A01E6B /* Coin.swift */,
			);
			path = Models;
			sourceTree = "<group>";
		};
		7D4FC8D12C3A2E4A00A01E6B /* Extensions */ = {
			isa = PBXGroup;
			children = (
				7D4FC8EB2C3A589800A01E6B /* Double.swift */,
			);
			path = Extensions;
			sourceTree = "<group>";
		};
		7D4FC8D22C3A2E4F00A01E6B /* Utils */ = {
			isa = PBXGroup;
			children = (
			);
			path = Utils;
			sourceTree = "<group>";
		};
		7D4FC8D32C3A2EB900A01E6B /* App */ = {
			isa = PBXGroup;
			children = (
				7D4FC8C02C3A2DD300A01E6B /* CryptoAppApp.swift */,
			);
			path = App;
			sourceTree = "<group>";
		};
		7D4FC8D42C3A2EE300A01E6B /* Home */ = {
			isa = PBXGroup;
			children = (
				7D4FC8D62C3A2F2800A01E6B /* Views */,
				7D4FC8D52C3A2F2400A01E6B /* ViewModels */,
			);
			path = Home;
			sourceTree = "<group>";
		};
		7D4FC8D52C3A2F2400A01E6B /* ViewModels */ = {
			isa = PBXGroup;
			children = (
				7D4FC8E42C3A3EBB00A01E6B /* HomeViewModel.swift */,
			);
			path = ViewModels;
			sourceTree = "<group>";
		};
		7D4FC8D62C3A2F2800A01E6B /* Views */ = {
			isa = PBXGroup;
			children = (
				7D4FC8D72C3A2F6500A01E6B /* HomeView.swift */,
				7D4FC8D92C3A30C400A01E6B /* TopMoversView.swift */,
				7D4FC8DD2C3A358000A01E6B /* TopMoversItemView.swift */,
				7D4FC8E02C3A375400A01E6B /* AllCoinsView.swift */,
				7D4FC8E22C3A376500A01E6B /* CoinRowView.swift */,
			);
			path = Views;
			sourceTree = "<group>";
		};
/* End PBXGroup section */

/* Begin PBXNativeTarget section */
		7D4FC8BC2C3A2DD300A01E6B /* CryptoApp */ = {
			isa = PBXNativeTarget;
			buildConfigurationList = 7D4FC8CB2C3A2DD400A01E6B /* Build configuration list for PBXNativeTarget "CryptoApp" */;
			buildPhases = (
				7D4FC8B92C3A2DD300A01E6B /* Sources */,
				7D4FC8BA2C3A2DD300A01E6B /* Frameworks */,
				7D4FC8BB2C3A2DD300A01E6B /* Resources */,
			);
			buildRules = (
			);
			dependencies = (
			);
			name = CryptoApp;
			packageProductDependencies = (
				7D4FC8E92C3A575B00A01E6B /* Kingfisher */,
			);
			productName = CryptoApp;
			productReference = 7D4FC8BD2C3A2DD300A01E6B /* CryptoApp.app */;
			productType = "com.apple.product-type.application";
		};
/* End PBXNativeTarget section */

/* Begin PBXProject section */
		7D4FC8B52C3A2DD300A01E6B /* Project object */ = {
			isa = PBXProject;
			attributes = {
				BuildIndependentTargetsInParallel = 1;
				LastSwiftUpdateCheck = 1540;
				LastUpgradeCheck = 1540;
				TargetAttributes = {
					7D4FC8BC2C3A2DD300A01E6B = {
						CreatedOnToolsVersion = 15.4;
					};
				};
			};
			buildConfigurationList = 7D4FC8B82C3A2DD300A01E6B /* Build configuration list for PBXProject "CryptoApp" */;
			compatibilityVersion = "Xcode 14.0";
			developmentRegion = en;
			hasScannedForEncodings = 0;
			knownRegions = (
				en,
				Base,
			);
			mainGroup = 7D4FC8B42C3A2DD300A01E6B;
			packageReferences = (
				7D4FC8E82C3A575B00A01E6B /* XCRemoteSwiftPackageReference "Kingfisher" */,
			);
			productRefGroup = 7D4FC8BE2C3A2DD300A01E6B /* Products */;
			projectDirPath = "";
			projectRoot = "";
			targets = (
				7D4FC8BC2C3A2DD300A01E6B /* CryptoApp */,
			);
		};
/* End PBXProject section */

/* Begin PBXResourcesBuildPhase section */
		7D4FC8BB2C3A2DD300A01E6B /* Resources */ = {
			isa = PBXResourcesBuildPhase;
			buildActionMask = 2147483647;
			files = (
				7D4FC8C82C3A2DD400A01E6B /* Preview Assets.xcassets in Resources */,
				7D4FC8C52C3A2DD400A01E6B /* Assets.xcassets in Resources */,
			);
			runOnlyForDeploymentPostprocessing = 0;
		};
/* End PBXResourcesBuildPhase section */

/* Begin PBXSourcesBuildPhase section */
		7D4FC8B92C3A2DD300A01E6B /* Sources */ = {
			isa = PBXSourcesBuildPhase;
			buildActionMask = 2147483647;
			files = (
				7D4FC8E72C3A489F00A01E6B /* Coin.swift in Sources */,
				7D4FC8DA2C3A30C400A01E6B /* TopMoversView.swift in Sources */,
				7D4FC8E12C3A375400A01E6B /* AllCoinsView.swift in Sources */,
				7D4FC8D82C3A2F6500A01E6B /* HomeView.swift in Sources */,
				7D4FC8E52C3A3EBB00A01E6B /* HomeViewModel.swift in Sources */,
				7D4FC8DE2C3A358000A01E6B /* TopMoversItemView.swift in Sources */,
				7D4FC8C32C3A2DD300A01E6B /* ContentView.swift in Sources */,
				7D4FC8E32C3A376500A01E6B /* CoinRowView.swift in Sources */,
				7D4FC8EC2C3A589800A01E6B /* Double.swift in Sources */,
				7D4FC8C12C3A2DD300A01E6B /* CryptoAppApp.swift in Sources */,
			);
			runOnlyForDeploymentPostprocessing = 0;
		};
/* End PBXSourcesBuildPhase section */

/* Begin XCBuildConfiguration section */
		7D4FC8C92C3A2DD400A01E6B /* Debug */ = {
			isa = XCBuildConfiguration;
			buildSettings = {
				ALWAYS_SEARCH_USER_PATHS = NO;
				ASSETCATALOG_COMPILER_GENERATE_SWIFT_ASSET_SYMBOL_EXTENSIONS = YES;
				CLANG_ANALYZER_NONNULL = YES;
				CLANG_ANALYZER_NUMBER_OBJECT_CONVERSION = YES_AGGRESSIVE;
				CLANG_CXX_LANGUAGE_STANDARD = "gnu++20";
				CLANG_ENABLE_MODULES = YES;
				CLANG_ENABLE_OBJC_ARC = YES;
				CLANG_ENABLE_OBJC_WEAK = YES;
				CLANG_WARN_BLOCK_CAPTURE_AUTORELEASING = YES;
				CLANG_WARN_BOOL_CONVERSION = YES;
				CLANG_WARN_COMMA = YES;
				CLANG_WARN_CONSTANT_CONVERSION = YES;
				CLANG_WARN_DEPRECATED_OBJC_IMPLEMENTATIONS = YES;
				CLANG_WARN_DIRECT_OBJC_ISA_USAGE = YES_ERROR;
				CLANG_WARN_DOCUMENTATION_COMMENTS = YES;
				CLANG_WARN_EMPTY_BODY = YES;
				CLANG_WARN_ENUM_CONVERSION = YES;
				CLANG_WARN_INFINITE_RECURSION = YES;
				CLANG_WARN_INT_CONVERSION = YES;
				CLANG_WARN_NON_LITERAL_NULL_CONVERSION = YES;
				CLANG_WARN_OBJC_IMPLICIT_RETAIN_SELF = YES;
				CLANG_WARN_OBJC_LITERAL_CONVERSION = YES;
				CLANG_WARN_OBJC_ROOT_CLASS = YES_ERROR;
				CLANG_WARN_QUOTED_INCLUDE_IN_FRAMEWORK_HEADER = YES;
				CLANG_WARN_RANGE_LOOP_ANALYSIS = YES;
				CLANG_WARN_STRICT_PROTOTYPES = YES;
				CLANG_WARN_SUSPICIOUS_MOVE = YES;
				CLANG_WARN_UNGUARDED_AVAILABILITY = YES_AGGRESSIVE;
				CLANG_WARN_UNREACHABLE_CODE = YES;
				CLANG_WARN__DUPLICATE_METHOD_MATCH = YES;
				COPY_PHASE_STRIP = NO;
				DEBUG_INFORMATION_FORMAT = dwarf;
				ENABLE_STRICT_OBJC_MSGSEND = YES;
				ENABLE_TESTABILITY = YES;
				ENABLE_USER_SCRIPT_SANDBOXING = YES;
				GCC_C_LANGUAGE_STANDARD = gnu17;
				GCC_DYNAMIC_NO_PIC = NO;
				GCC_NO_COMMON_BLOCKS = YES;
				GCC_OPTIMIZATION_LEVEL = 0;
				GCC_PREPROCESSOR_DEFINITIONS = (
					"DEBUG=1",
					"$(inherited)",
				);
				GCC_WARN_64_TO_32_BIT_CONVERSION = YES;
				GCC_WARN_ABOUT_RETURN_TYPE = YES_ERROR;
				GCC_WARN_UNDECLARED_SELECTOR = YES;
				GCC_WARN_UNINITIALIZED_AUTOS = YES_AGGRESSIVE;
				GCC_WARN_UNUSED_FUNCTION = YES;
				GCC_WARN_UNUSED_VARIABLE = YES;
				IPHONEOS_DEPLOYMENT_TARGET = 16.0;
				LOCALIZATION_PREFERS_STRING_CATALOGS = YES;
				MTL_ENABLE_DEBUG_INFO = INCLUDE_SOURCE;
				MTL_FAST_MATH = YES;
				ONLY_ACTIVE_ARCH = YES;
				SDKROOT = iphoneos;
				SWIFT_ACTIVE_COMPILATION_CONDITIONS = "DEBUG $(inherited)";
				SWIFT_OPTIMIZATION_LEVEL = "-Onone";
			};
			name = Debug;
		};
		7D4FC8CA2C3A2DD400A01E6B /* Release */ = {
			isa = XCBuildConfiguration;
			buildSettings = {
				ALWAYS_SEARCH_USER_PATHS = NO;
				ASSETCATALOG_COMPILER_GENERATE_SWIFT_ASSET_SYMBOL_EXTENSIONS = YES;
				CLANG_ANALYZER_NONNULL = YES;
				CLANG_ANALYZER_NUMBER_OBJECT_CONVERSION = YES_AGGRESSIVE;
				CLANG_CXX_LANGUAGE_STANDARD = "gnu++20";
				CLANG_ENABLE_MODULES = YES;
				CLANG_ENABLE_OBJC_ARC = YES;
				CLANG_ENABLE_OBJC_WEAK = YES;
				CLANG_WARN_BLOCK_CAPTURE_AUTORELEASING = YES;
				CLANG_WARN_BOOL_CONVERSION = YES;
				CLANG_WARN_COMMA = YES;
				CLANG_WARN_CONSTANT_CONVERSION = YES;
				CLANG_WARN_DEPRECATED_OBJC_IMPLEMENTATIONS = YES;
				CLANG_WARN_DIRECT_OBJC_ISA_USAGE = YES_ERROR;
				CLANG_WARN_DOCUMENTATION_COMMENTS = YES;
				CLANG_WARN_EMPTY_BODY = YES;
				CLANG_WARN_ENUM_CONVERSION = YES;
				CLANG_WARN_INFINITE_RECURSION = YES;
				CLANG_WARN_INT_CONVERSION = YES;
				CLANG_WARN_NON_LITERAL_NULL_CONVERSION = YES;
				CLANG_WARN_OBJC_IMPLICIT_RETAIN_SELF = YES;
				CLANG_WARN_OBJC_LITERAL_CONVERSION = YES;
				CLANG_WARN_OBJC_ROOT_CLASS = YES_ERROR;
				CLANG_WARN_QUOTED_INCLUDE_IN_FRAMEWORK_HEADER = YES;
				CLANG_WARN_RANGE_LOOP_ANALYSIS = YES;
				CLANG_WARN_STRICT_PROTOTYPES = YES;
				CLANG_WARN_SUSPICIOUS_MOVE = YES;
				CLANG_WARN_UNGUARDED_AVAILABILITY = YES_AGGRESSIVE;
				CLANG_WARN_UNREACHABLE_CODE = YES;
				CLANG_WARN__DUPLICATE_METHOD_MATCH = YES;
				COPY_PHASE_STRIP = NO;
				DEBUG_INFORMATION_FORMAT = "dwarf-with-dsym";
				ENABLE_NS_ASSERTIONS = NO;
				ENABLE_STRICT_OBJC_MSGSEND = YES;
				ENABLE_USER_SCRIPT_SANDBOXING = YES;
				GCC_C_LANGUAGE_STANDARD = gnu17;
				GCC_NO_COMMON_BLOCKS = YES;
				GCC_WARN_64_TO_32_BIT_CONVERSION = YES;
				GCC_WARN_ABOUT_RETURN_TYPE = YES_ERROR;
				GCC_WARN_UNDECLARED_SELECTOR = YES;
				GCC_WARN_UNINITIALIZED_AUTOS = YES_AGGRESSIVE;
				GCC_WARN_UNUSED_FUNCTION = YES;
				GCC_WARN_UNUSED_VARIABLE = YES;
				IPHONEOS_DEPLOYMENT_TARGET = 16.0;
				LOCALIZATION_PREFERS_STRING_CATALOGS = YES;
				MTL_ENABLE_DEBUG_INFO = NO;
				MTL_FAST_MATH = YES;
				SDKROOT = iphoneos;
				SWIFT_COMPILATION_MODE = wholemodule;
				VALIDATE_PRODUCT = YES;
			};
			name = Release;
		};
		7D4FC8CC2C3A2DD400A01E6B /* Debug */ = {
			isa = XCBuildConfiguration;
			buildSettings = {
				ASSETCATALOG_COMPILER_APPICON_NAME = AppIcon;
				ASSETCATALOG_COMPILER_GLOBAL_ACCENT_COLOR_NAME = AccentColor;
				CODE_SIGN_STYLE = Automatic;
				CURRENT_PROJECT_VERSION = 1;
				DEVELOPMENT_ASSET_PATHS = "\"CryptoApp/Preview Content\"";
				DEVELOPMENT_TEAM = YTVZ622NZA;
				ENABLE_PREVIEWS = YES;
				GENERATE_INFOPLIST_FILE = YES;
				INFOPLIST_KEY_UIApplicationSceneManifest_Generation = YES;
				INFOPLIST_KEY_UIApplicationSupportsIndirectInputEvents = YES;
				INFOPLIST_KEY_UILaunchScreen_Generation = YES;
				INFOPLIST_KEY_UISupportedInterfaceOrientations_iPad = "UIInterfaceOrientationPortrait UIInterfaceOrientationPortraitUpsideDown UIInterfaceOrientationLandscapeLeft UIInterfaceOrientationLandscapeRight";
				INFOPLIST_KEY_UISupportedInterfaceOrientations_iPhone = "UIInterfaceOrientationPortrait UIInterfaceOrientationLandscapeLeft UIInterfaceOrientationLandscapeRight";
				LD_RUNPATH_SEARCH_PATHS = (
					"$(inherited)",
					"@executable_path/Frameworks",
				);
				MARKETING_VERSION = 1.0;
				PRODUCT_BUNDLE_IDENTIFIER = ru.bald3.CryptoApp;
				PRODUCT_NAME = "$(TARGET_NAME)";
				SWIFT_EMIT_LOC_STRINGS = YES;
				SWIFT_VERSION = 5.0;
				TARGETED_DEVICE_FAMILY = "1,2";
			};
			name = Debug;
		};
		7D4FC8CD2C3A2DD400A01E6B /* Release */ = {
			isa = XCBuildConfiguration;
			buildSettings = {
				ASSETCATALOG_COMPILER_APPICON_NAME = AppIcon;
				ASSETCATALOG_COMPILER_GLOBAL_ACCENT_COLOR_NAME = AccentColor;
				CODE_SIGN_STYLE = Automatic;
				CURRENT_PROJECT_VERSION = 1;
				DEVELOPMENT_ASSET_PATHS = "\"CryptoApp/Preview Content\"";
				DEVELOPMENT_TEAM = YTVZ622NZA;
				ENABLE_PREVIEWS = YES;
				GENERATE_INFOPLIST_FILE = YES;
				INFOPLIST_KEY_UIApplicationSceneManifest_Generation = YES;
				INFOPLIST_KEY_UIApplicationSupportsIndirectInputEvents = YES;
				INFOPLIST_KEY_UILaunchScreen_Generation = YES;
				INFOPLIST_KEY_UISupportedInterfaceOrientations_iPad = "UIInterfaceOrientationPortrait UIInterfaceOrientationPortraitUpsideDown UIInterfaceOrientationLandscapeLeft UIInterfaceOrientationLandscapeRight";
				INFOPLIST_KEY_UISupportedInterfaceOrientations_iPhone = "UIInterfaceOrientationPortrait UIInterfaceOrientationLandscapeLeft UIInterfaceOrientationLandscapeRight";
				LD_RUNPATH_SEARCH_PATHS = (
					"$(inherited)",
					"@executable_path/Frameworks",
				);
				MARKETING_VERSION = 1.0;
				PRODUCT_BUNDLE_IDENTIFIER = ru.bald3.CryptoApp;
				PRODUCT_NAME = "$(TARGET_NAME)";
				SWIFT_EMIT_LOC_STRINGS = YES;
				SWIFT_VERSION = 5.0;
				TARGETED_DEVICE_FAMILY = "1,2";
			};
			name = Release;
		};
/* End XCBuildConfiguration section */

/* Begin XCConfigurationList section */
		7D4FC8B82C3A2DD300A01E6B /* Build configuration list for PBXProject "CryptoApp" */ = {
			isa = XCConfigurationList;
			buildConfigurations = (
				7D4FC8C92C3A2DD400A01E6B /* Debug */,
				7D4FC8CA2C3A2DD400A01E6B /* Release */,
			);
			defaultConfigurationIsVisible = 0;
			defaultConfigurationName = Release;
		};
		7D4FC8CB2C3A2DD400A01E6B /* Build configuration list for PBXNativeTarget "CryptoApp" */ = {
			isa = XCConfigurationList;
			buildConfigurations = (
				7D4FC8CC2C3A2DD400A01E6B /* Debug */,
				7D4FC8CD2C3A2DD400A01E6B /* Release */,
			);
			defaultConfigurationIsVisible = 0;
			defaultConfigurationName = Release;
		};
/* End XCConfigurationList section */

/* Begin XCRemoteSwiftPackageReference section */
		7D4FC8E82C3A575B00A01E6B /* XCRemoteSwiftPackageReference "Kingfisher" */ = {
			isa = XCRemoteSwiftPackageReference;
			repositoryURL = "https://github.com/onevcat/Kingfisher.git";
			requirement = {
				kind = upToNextMajorVersion;
				minimumVersion = 7.12.0;
			};
		};
/* End XCRemoteSwiftPackageReference section */

/* Begin XCSwiftPackageProductDependency section */
		7D4FC8E92C3A575B00A01E6B /* Kingfisher */ = {
			isa = XCSwiftPackageProductDependency;
			package = 7D4FC8E82C3A575B00A01E6B /* XCRemoteSwiftPackageReference "Kingfisher" */;
			productName = Kingfisher;
		};
/* End XCSwiftPackageProductDependency section */
	};
	rootObject = 7D4FC8B52C3A2DD300A01E6B /* Project object */;
}
